// !$*UTF8*$!
{
	archiveVersion = 1;
	classes = {
	};
	objectVersion = 46;
	objects = {

/* Begin PBXBuildFile section */
		C4142C351D6E176400814BF3 /* srinivas_dhanwada.assignment-0.c in Sources */ = {isa = PBXBuildFile; fileRef = C4142C341D6E176400814BF3 /* srinivas_dhanwada.assignment-0.c */; };
/* End PBXBuildFile section */

/* Begin PBXCopyFilesBuildPhase section */
		C474DF121D6E146F003BD07A /* CopyFiles */ = {
			isa = PBXCopyFilesBuildPhase;
			buildActionMask = 2147483647;
			dstPath = /usr/share/man/man1/;
			dstSubfolderSpec = 0;
			files = (
			);
			runOnlyForDeploymentPostprocessing = 1;
		};
/* End PBXCopyFilesBuildPhase section */

/* Begin PBXFileReference section */
		C4142C341D6E176400814BF3 /* srinivas_dhanwada.assignment-0.c */ = {isa = PBXFileReference; fileEncoding = 4; lastKnownFileType = sourcecode.c.c; path = "srinivas_dhanwada.assignment-0.c"; sourceTree = "<group>"; };
		C474DF141D6E146F003BD07A /* langtons_ant */ = {isa = PBXFileReference; explicitFileType = "compiled.mach-o.executable"; includeInIndex = 0; path = langtons_ant; sourceTree = BUILT_PRODUCTS_DIR; };
/* End PBXFileReference section */

/* Begin PBXFrameworksBuildPhase section */
		C474DF111D6E146F003BD07A /* Frameworks */ = {
			isa = PBXFrameworksBuildPhase;
			buildActionMask = 2147483647;
			files = (
			);
			runOnlyForDeploymentPostprocessing = 0;
		};
/* End PBXFrameworksBuildPhase section */

/* Begin PBXGroup section */
		C4142C331D6E176400814BF3 /* langtons_ant */ = {
			isa = PBXGroup;
			children = (
				C4142C341D6E176400814BF3 /* srinivas_dhanwada.assignment-0.c */,
			);
			path = langtons_ant;
			sourceTree = "<group>";
		};
		C474DF0B1D6E146F003BD07A = {
			isa = PBXGroup;
			children = (
				C4142C331D6E176400814BF3 /* langtons_ant */,
				C474DF151D6E146F003BD07A /* Products */,
			);
			sourceTree = "<group>";
		};
		C474DF151D6E146F003BD07A /* Products */ = {
			isa = PBXGroup;
			children = (
				C474DF141D6E146F003BD07A /* langtons_ant */,
			);
			name = Products;
			sourceTree = "<group>";
		};
/* End PBXGroup section */

/* Begin PBXNativeTarget section */
		C474DF131D6E146F003BD07A /* langtons_ant */ = {
			isa = PBXNativeTarget;
			buildConfigurationList = C474DF1B1D6E146F003BD07A /* Build configuration list for PBXNativeTarget "langtons_ant" */;
			buildPhases = (
				C474DF101D6E146F003BD07A /* Sources */,
				C474DF111D6E146F003BD07A /* Frameworks */,
				C474DF121D6E146F003BD07A /* CopyFiles */,
			);
			buildRules = (
			);
			dependencies = (
			);
			name = langtons_ant;
			productName = langtons_ant;
			productReference = C474DF141D6E146F003BD07A /* langtons_ant */;
			productType = "com.apple.product-type.tool";
		};
/* End PBXNativeTarget section */

/* Begin PBXProject section */
		C474DF0C1D6E146F003BD07A /* Project object */ = {
			isa = PBXProject;
			attributes = {
				LastUpgradeCheck = 0730;
				ORGANIZATIONNAME = dhanwada;
				TargetAttributes = {
					C474DF131D6E146F003BD07A = {
						CreatedOnToolsVersion = 7.3;
					};
				};
			};
			buildConfigurationList = C474DF0F1D6E146F003BD07A /* Build configuration list for PBXProject "langtons_ant" */;
			compatibilityVersion = "Xcode 3.2";
			developmentRegion = English;
			hasScannedForEncodings = 0;
			knownRegions = (
				en,
			);
			mainGroup = C474DF0B1D6E146F003BD07A;
			productRefGroup = C474DF151D6E146F003BD07A /* Products */;
			projectDirPath = "";
			projectRoot = "";
			targets = (
				C474DF131D6E146F003BD07A /* langtons_ant */,
			);
		};
/* End PBXProject section */

/* Begin PBXSourcesBuildPhase section */
		C474DF101D6E146F003BD07A /* Sources */ = {
			isa = PBXSourcesBuildPhase;
			buildActionMask = 2147483647;
			files = (
				C4142C351D6E176400814BF3 /* srinivas_dhanwada.assignment-0.c in Sources */,
			);
			runOnlyForDeploymentPostprocessing = 0;
		};
/* End PBXSourcesBuildPhase section */

/* Begin XCBuildConfiguration section */
		C474DF191D6E146F003BD07A /* Debug */ = {
			isa = XCBuildConfiguration;
			buildSettings = {
				ALWAYS_SEARCH_USER_PATHS = NO;
				CLANG_ANALYZER_NONNULL = YES;
				CLANG_CXX_LANGUAGE_STANDARD = "gnu++0x";
				CLANG_CXX_LIBRARY = "libc++";
				CLANG_ENABLE_MODULES = YES;
				CLANG_ENABLE_OBJC_ARC = YES;
				CLANG_WARN_BOOL_CONVERSION = YES;
				CLANG_WARN_CONSTANT_CONVERSION = YES;
				CLANG_WARN_DIRECT_OBJC_ISA_USAGE = YES_ERROR;
				CLANG_WARN_EMPTY_BODY = YES;
				CLANG_WARN_ENUM_CONVERSION = YES;
				CLANG_WARN_INT_CONVERSION = YES;
				CLANG_WARN_OBJC_ROOT_CLASS = YES_ERROR;
				CLANG_WARN_UNREACHABLE_CODE = YES;
				CLANG_WARN__DUPLICATE_METHOD_MATCH = YES;
				CODE_SIGN_IDENTITY = "-";
				COPY_PHASE_STRIP = NO;
				DEBUG_INFORMATION_FORMAT = dwarf;
				ENABLE_STRICT_OBJC_MSGSEND = YES;
				ENABLE_TESTABILITY = YES;
				GCC_C_LANGUAGE_STANDARD = gnu99;
				GCC_DYNAMIC_NO_PIC = NO;
				GCC_NO_COMMON_BLOCKS = YES;
				GCC_OPTIMIZATION_LEVEL = 0;
				GCC_PREPROCESSOR_DEFINITIONS = (
					"DEBUG=1",
					"$(inherited)",
				);
				GCC_WARN_64_TO_32_BIT_CONVERSION = YES;
				GCC_WARN_ABOUT_RETURN_TYPE = YES_ERROR;
				GCC_WARN_UNDECLARED_SELECTOR = YES;
				GCC_WARN_UNINITIALIZED_AUTOS = YES_AGGRESSIVE;
				GCC_WARN_UNUSED_FUNCTION = YES;
				GCC_WARN_UNUSED_VARIABLE = YES;
				MACOSX_DEPLOYMENT_TARGET = 10.11;
				MTL_ENABLE_DEBUG_INFO = YES;
				ONLY_ACTIVE_ARCH = YES;
				SDKROOT = macosx;
			};
			name = Debug;
		};
		C474DF1A1D6E146F003BD07A /* Release */ = {
			isa = XCBuildConfiguration;
			buildSettings = {
				ALWAYS_SEARCH_USER_PATHS = NO;
				CLANG_ANALYZER_NONNULL = YES;
				CLANG_CXX_LANGUAGE_STANDARD = "gnu++0x";
				CLANG_CXX_LIBRARY = "libc++";
				CLANG_ENABLE_MODULES = YES;
				CLANG_ENABLE_OBJC_ARC = YES;
				CLANG_WARN_BOOL_CONVERSION = YES;
				CLANG_WARN_CONSTANT_CONVERSION = YES;
				CLANG_WARN_DIRECT_OBJC_ISA_USAGE = YES_ERROR;
				CLANG_WARN_EMPTY_BODY = YES;
				CLANG_WARN_ENUM_CONVERSION = YES;
				CLANG_WARN_INT_CONVERSION = YES;
				CLANG_WARN_OBJC_ROOT_CLASS = YES_ERROR;
				CLANG_WARN_UNREACHABLE_CODE = YES;
				CLANG_WARN__DUPLICATE_METHOD_MATCH = YES;
				CODE_SIGN_IDENTITY = "-";
				COPY_PHASE_STRIP = NO;
				DEBUG_INFORMATION_FORMAT = "dwarf-with-dsym";
				ENABLE_NS_ASSERTIONS = NO;
				ENABLE_STRICT_OBJC_MSGSEND = YES;
				GCC_C_LANGUAGE_STANDARD = gnu99;
				GCC_NO_COMMON_BLOCKS = YES;
				GCC_WARN_64_TO_32_BIT_CONVERSION = YES;
				GCC_WARN_ABOUT_RETURN_TYPE = YES_ERROR;
				GCC_WARN_UNDECLARED_SELECTOR = YES;
				GCC_WARN_UNINITIALIZED_AUTOS = YES_AGGRESSIVE;
				GCC_WARN_UNUSED_FUNCTION = YES;
				GCC_WARN_UNUSED_VARIABLE = YES;
				MACOSX_DEPLOYMENT_TARGET = 10.11;
				MTL_ENABLE_DEBUG_INFO = NO;
				SDKROOT = macosx;
			};
			name = Release;
		};
		C474DF1C1D6E146F003BD07A /* Debug */ = {
			isa = XCBuildConfiguration;
			buildSettings = {
				PRODUCT_NAME = "$(TARGET_NAME)";
			};
			name = Debug;
		};
		C474DF1D1D6E146F003BD07A /* Release */ = {
			isa = XCBuildConfiguration;
			buildSettings = {
				PRODUCT_NAME = "$(TARGET_NAME)";
			};
			name = Release;
		};
/* End XCBuildConfiguration section */

/* Begin XCConfigurationList section */
		C474DF0F1D6E146F003BD07A /* Build configuration list for PBXProject "langtons_ant" */ = {
			isa = XCConfigurationList;
			buildConfigurations = (
				C474DF191D6E146F003BD07A /* Debug */,
				C474DF1A1D6E146F003BD07A /* Release */,
			);
			defaultConfigurationIsVisible = 0;
			defaultConfigurationName = Release;
		};
		C474DF1B1D6E146F003BD07A /* Build configuration list for PBXNativeTarget "langtons_ant" */ = {
			isa = XCConfigurationList;
			buildConfigurations = (
				C474DF1C1D6E146F003BD07A /* Debug */,
				C474DF1D1D6E146F003BD07A /* Release */,
			);
			defaultConfigurationIsVisible = 0;
			defaultConfigurationName = Release;
		};
/* End XCConfigurationList section */
	};
	rootObject = C474DF0C1D6E146F003BD07A /* Project object */;
}
